
Microsoft Visual Studio Solution File, Format Version 12.00
# Visual Studio Version 16
VisualStudioVersion = 16.0.29521.150
MinimumVisualStudioVersion = 10.0.40219.1
Project("{FAE04EC0-301F-11D3-BF4B-00C04F79EFBC}") = "PrepaDS", "PrepaDS.csproj", "{C033172D-BF8D-4710-ADDB-BA2EA0C0FA0D}"
EndProject
Global
	GlobalSection(SolutionConfigurationPlatforms) = preSolution
		Debug|Any CPU = Debug|Any CPU
		Release|Any CPU = Release|Any CPU
	EndGlobalSection
	GlobalSection(ProjectConfigurationPlatforms) = postSolution
		{C033172D-BF8D-4710-ADDB-BA2EA0C0FA0D}.Debug|Any CPU.ActiveCfg = Debug|Any CPU
		{C033172D-BF8D-4710-ADDB-BA2EA0C0FA0D}.Debug|Any CPU.Build.0 = Debug|Any CPU
		{C033172D-BF8D-4710-ADDB-BA2EA0C0FA0D}.Release|Any CPU.ActiveCfg = Release|Any CPU
		{C033172D-BF8D-4710-ADDB-BA2EA0C0FA0D}.Release|Any CPU.Build.0 = Release|Any CPU
	EndGlobalSection
	GlobalSection(SolutionProperties) = preSolution
		HideSolutionNode = FALSE
	EndGlobalSection
	GlobalSection(ExtensibilityGlobals) = postSolution
		SolutionGuid = {B33A6EB7-E6F5-4DED-9C66-D72795000677}
	EndGlobalSection
EndGlobal
